
Microsoft Visual Studio Solution File, Format Version 12.00
# Visual Studio 15
VisualStudioVersion = 15.0.28010.2016
MinimumVisualStudioVersion = 10.0.40219.1
Project("{FAE04EC0-301F-11D3-BF4B-00C04F79EFBC}") = "Tugas2PPK", "Tugas2PPK\Tugas2PPK.csproj", "{35B8B70F-DD82-4EDE-ACFF-4019AA8C5EE7}"
EndProject
Global
	GlobalSection(SolutionConfigurationPlatforms) = preSolution
		Debug|Any CPU = Debug|Any CPU
		Release|Any CPU = Release|Any CPU
	EndGlobalSection
	GlobalSection(ProjectConfigurationPlatforms) = postSolution
		{35B8B70F-DD82-4EDE-ACFF-4019AA8C5EE7}.Debug|Any CPU.ActiveCfg = Debug|Any CPU
		{35B8B70F-DD82-4EDE-ACFF-4019AA8C5EE7}.Debug|Any CPU.Build.0 = Debug|Any CPU
		{35B8B70F-DD82-4EDE-ACFF-4019AA8C5EE7}.Release|Any CPU.ActiveCfg = Release|Any CPU
		{35B8B70F-DD82-4EDE-ACFF-4019AA8C5EE7}.Release|Any CPU.Build.0 = Release|Any CPU
	EndGlobalSection
	GlobalSection(SolutionProperties) = preSolution
		HideSolutionNode = FALSE
	EndGlobalSection
	GlobalSection(ExtensibilityGlobals) = postSolution
		SolutionGuid = {5355291A-481D-41B2-BAFA-E8FE17317DCF}
	EndGlobalSection
EndGlobal
